
Microsoft Visual Studio Solution File, Format Version 12.00
# Visual Studio 15
VisualStudioVersion = 15.0.28307.136
MinimumVisualStudioVersion = 10.0.40219.1
Project("{FAE04EC0-301F-11D3-BF4B-00C04F79EFBC}") = "Shop_TPV", "Shop_SoftlyCompany\Shop_TPV.csproj", "{3B38E985-F8F7-499F-9CA7-959DA5674255}"
EndProject
Global
	GlobalSection(SolutionConfigurationPlatforms) = preSolution
		Debug|Any CPU = Debug|Any CPU
		Release|Any CPU = Release|Any CPU
	EndGlobalSection
	GlobalSection(ProjectConfigurationPlatforms) = postSolution
		{3B38E985-F8F7-499F-9CA7-959DA5674255}.Debug|Any CPU.ActiveCfg = Debug|Any CPU
		{3B38E985-F8F7-499F-9CA7-959DA5674255}.Debug|Any CPU.Build.0 = Debug|Any CPU
		{3B38E985-F8F7-499F-9CA7-959DA5674255}.Release|Any CPU.ActiveCfg = Release|Any CPU
		{3B38E985-F8F7-499F-9CA7-959DA5674255}.Release|Any CPU.Build.0 = Release|Any CPU
	EndGlobalSection
	GlobalSection(SolutionProperties) = preSolution
		HideSolutionNode = FALSE
	EndGlobalSection
	GlobalSection(ExtensibilityGlobals) = postSolution
		SolutionGuid = {55C262B6-D6FE-4BC4-8818-563CF39FACD1}
	EndGlobalSection
EndGlobal
